// !$*UTF8*$!
{
	archiveVersion = 1;
	classes = {
	};
	objectVersion = 46;
	objects = {

/* Begin PBXBuildFile section */
		7391E502EFB1D0C01D43C625 /* Pods_Freebie.framework in Frameworks */ = {isa = PBXBuildFile; fileRef = 9AA25BFDA4AB5FFF03804A30 /* Pods_Freebie.framework */; };
		C9485B831DD99CCA00D43D81 /* LoginViewController.swift in Sources */ = {isa = PBXBuildFile; fileRef = C9485B821DD99CCA00D43D81 /* LoginViewController.swift */; };
		FCD2FBC91DD97DFE008B88EC /* AppDelegate.swift in Sources */ = {isa = PBXBuildFile; fileRef = FCD2FBC81DD97DFE008B88EC /* AppDelegate.swift */; };
		FCD2FBCE1DD97DFE008B88EC /* Login.storyboard in Resources */ = {isa = PBXBuildFile; fileRef = FCD2FBCC1DD97DFE008B88EC /* Login.storyboard */; };
		FCD2FBD01DD97DFE008B88EC /* Assets.xcassets in Resources */ = {isa = PBXBuildFile; fileRef = FCD2FBCF1DD97DFE008B88EC /* Assets.xcassets */; };
		FCD2FBD31DD97DFE008B88EC /* LaunchScreen.storyboard in Resources */ = {isa = PBXBuildFile; fileRef = FCD2FBD11DD97DFE008B88EC /* LaunchScreen.storyboard */; };
		FCD2FBDC1DD980F3008B88EC /* Map.storyboard in Resources */ = {isa = PBXBuildFile; fileRef = FCD2FBDB1DD980F3008B88EC /* Map.storyboard */; };
		FCD2FBDE1DD98107008B88EC /* List.storyboard in Resources */ = {isa = PBXBuildFile; fileRef = FCD2FBDD1DD98107008B88EC /* List.storyboard */; };
		FCD2FBE01DD98113008B88EC /* Settings.storyboard in Resources */ = {isa = PBXBuildFile; fileRef = FCD2FBDF1DD98113008B88EC /* Settings.storyboard */; };
		FCD2FBE21DD98571008B88EC /* GoogleService-Info.plist in Resources */ = {isa = PBXBuildFile; fileRef = FCD2FBE11DD98571008B88EC /* GoogleService-Info.plist */; };
/* End PBXBuildFile section */

/* Begin PBXFileReference section */
		9AA25BFDA4AB5FFF03804A30 /* Pods_Freebie.framework */ = {isa = PBXFileReference; explicitFileType = wrapper.framework; includeInIndex = 0; path = Pods_Freebie.framework; sourceTree = BUILT_PRODUCTS_DIR; };
		C5AC2FFB95CB9ABAEDED6BB9 /* Pods-Freebie.debug.xcconfig */ = {isa = PBXFileReference; includeInIndex = 1; lastKnownFileType = text.xcconfig; name = "Pods-Freebie.debug.xcconfig"; path = "Pods/Target Support Files/Pods-Freebie/Pods-Freebie.debug.xcconfig"; sourceTree = "<group>"; };
		C9485B821DD99CCA00D43D81 /* LoginViewController.swift */ = {isa = PBXFileReference; fileEncoding = 4; lastKnownFileType = sourcecode.swift; path = LoginViewController.swift; sourceTree = "<group>"; };
		C9485B841DD9A52F00D43D81 /* Freebie.entitlements */ = {isa = PBXFileReference; lastKnownFileType = text.plist.entitlements; path = Freebie.entitlements; sourceTree = "<group>"; };
		E0EE4F5F383767E450968303 /* Pods-Freebie.release.xcconfig */ = {isa = PBXFileReference; includeInIndex = 1; lastKnownFileType = text.xcconfig; name = "Pods-Freebie.release.xcconfig"; path = "Pods/Target Support Files/Pods-Freebie/Pods-Freebie.release.xcconfig"; sourceTree = "<group>"; };
		FCD2FBC51DD97DFE008B88EC /* Freebie.app */ = {isa = PBXFileReference; explicitFileType = wrapper.application; includeInIndex = 0; path = Freebie.app; sourceTree = BUILT_PRODUCTS_DIR; };
		FCD2FBC81DD97DFE008B88EC /* AppDelegate.swift */ = {isa = PBXFileReference; lastKnownFileType = sourcecode.swift; path = AppDelegate.swift; sourceTree = "<group>"; };
		FCD2FBCD1DD97DFE008B88EC /* Base */ = {isa = PBXFileReference; lastKnownFileType = file.storyboard; name = Base; path = Base.lproj/Login.storyboard; sourceTree = "<group>"; };
		FCD2FBCF1DD97DFE008B88EC /* Assets.xcassets */ = {isa = PBXFileReference; lastKnownFileType = folder.assetcatalog; path = Assets.xcassets; sourceTree = "<group>"; };
		FCD2FBD21DD97DFE008B88EC /* Base */ = {isa = PBXFileReference; lastKnownFileType = file.storyboard; name = Base; path = Base.lproj/LaunchScreen.storyboard; sourceTree = "<group>"; };
		FCD2FBD41DD97DFE008B88EC /* Info.plist */ = {isa = PBXFileReference; lastKnownFileType = text.plist.xml; path = Info.plist; sourceTree = "<group>"; };
		FCD2FBDB1DD980F3008B88EC /* Map.storyboard */ = {isa = PBXFileReference; fileEncoding = 4; lastKnownFileType = file.storyboard; path = Map.storyboard; sourceTree = "<group>"; };
		FCD2FBDD1DD98107008B88EC /* List.storyboard */ = {isa = PBXFileReference; fileEncoding = 4; lastKnownFileType = file.storyboard; path = List.storyboard; sourceTree = "<group>"; };
		FCD2FBDF1DD98113008B88EC /* Settings.storyboard */ = {isa = PBXFileReference; fileEncoding = 4; lastKnownFileType = file.storyboard; path = Settings.storyboard; sourceTree = "<group>"; };
		FCD2FBE11DD98571008B88EC /* GoogleService-Info.plist */ = {isa = PBXFileReference; fileEncoding = 4; lastKnownFileType = text.plist.xml; name = "GoogleService-Info.plist"; path = "../../../../Downloads/GoogleService-Info.plist"; sourceTree = "<group>"; };
/* End PBXFileReference section */

/* Begin PBXFrameworksBuildPhase section */
		FCD2FBC21DD97DFE008B88EC /* Frameworks */ = {
			isa = PBXFrameworksBuildPhase;
			buildActionMask = 2147483647;
			files = (
				7391E502EFB1D0C01D43C625 /* Pods_Freebie.framework in Frameworks */,
			);
			runOnlyForDeploymentPostprocessing = 0;
		};
/* End PBXFrameworksBuildPhase section */

/* Begin PBXGroup section */
		0B26BD3EA7FC5D43A7376F53 /* Pods */ = {
			isa = PBXGroup;
			children = (
				C5AC2FFB95CB9ABAEDED6BB9 /* Pods-Freebie.debug.xcconfig */,
				E0EE4F5F383767E450968303 /* Pods-Freebie.release.xcconfig */,
			);
			name = Pods;
			sourceTree = "<group>";
		};
		B032E4A25455F7FF2EC4A598 /* Frameworks */ = {
			isa = PBXGroup;
			children = (
				9AA25BFDA4AB5FFF03804A30 /* Pods_Freebie.framework */,
			);
			name = Frameworks;
			sourceTree = "<group>";
		};
		C9485B811DD996A900D43D81 /* Controllers */ = {
			isa = PBXGroup;
			children = (
				C9485B821DD99CCA00D43D81 /* LoginViewController.swift */,
			);
			name = Controllers;
			sourceTree = "<group>";
		};
		FCD2FBBC1DD97DFD008B88EC = {
			isa = PBXGroup;
			children = (
				FCD2FBC71DD97DFE008B88EC /* Freebie */,
				FCD2FBC61DD97DFE008B88EC /* Products */,
				0B26BD3EA7FC5D43A7376F53 /* Pods */,
				B032E4A25455F7FF2EC4A598 /* Frameworks */,
			);
			sourceTree = "<group>";
		};
		FCD2FBC61DD97DFE008B88EC /* Products */ = {
			isa = PBXGroup;
			children = (
				FCD2FBC51DD97DFE008B88EC /* Freebie.app */,
			);
			name = Products;
			sourceTree = "<group>";
		};
		FCD2FBC71DD97DFE008B88EC /* Freebie */ = {
			isa = PBXGroup;
			children = (
				C9485B841DD9A52F00D43D81 /* Freebie.entitlements */,
				FCD2FBC81DD97DFE008B88EC /* AppDelegate.swift */,
				FCD2FBDA1DD98091008B88EC /* Views */,
				C9485B811DD996A900D43D81 /* Controllers */,
				FCD2FBCF1DD97DFE008B88EC /* Assets.xcassets */,
				FCD2FBD11DD97DFE008B88EC /* LaunchScreen.storyboard */,
				FCD2FBD41DD97DFE008B88EC /* Info.plist */,
				FCD2FBE11DD98571008B88EC /* GoogleService-Info.plist */,
			);
			path = Freebie;
			sourceTree = "<group>";
		};
		FCD2FBDA1DD98091008B88EC /* Views */ = {
			isa = PBXGroup;
			children = (
				FCD2FBCC1DD97DFE008B88EC /* Login.storyboard */,
				FCD2FBDB1DD980F3008B88EC /* Map.storyboard */,
				FCD2FBDD1DD98107008B88EC /* List.storyboard */,
				FCD2FBDF1DD98113008B88EC /* Settings.storyboard */,
			);
			name = Views;
			sourceTree = "<group>";
		};
/* End PBXGroup section */

/* Begin PBXNativeTarget section */
		FCD2FBC41DD97DFE008B88EC /* Freebie */ = {
			isa = PBXNativeTarget;
			buildConfigurationList = FCD2FBD71DD97DFE008B88EC /* Build configuration list for PBXNativeTarget "Freebie" */;
			buildPhases = (
				868CE5A8A1E7DA666CC5F86E /* [CP] Check Pods Manifest.lock */,
				FCD2FBC11DD97DFE008B88EC /* Sources */,
				FCD2FBC21DD97DFE008B88EC /* Frameworks */,
				FCD2FBC31DD97DFE008B88EC /* Resources */,
				349228C91908F7811C1EAFF5 /* [CP] Embed Pods Frameworks */,
				B45191EB6E05C4856D629FD5 /* [CP] Copy Pods Resources */,
			);
			buildRules = (
			);
			dependencies = (
			);
			name = Freebie;
			productName = Freebie;
			productReference = FCD2FBC51DD97DFE008B88EC /* Freebie.app */;
			productType = "com.apple.product-type.application";
		};
/* End PBXNativeTarget section */

/* Begin PBXProject section */
		FCD2FBBD1DD97DFD008B88EC /* Project object */ = {
			isa = PBXProject;
			attributes = {
				LastSwiftUpdateCheck = 0800;
				LastUpgradeCheck = 0800;
				ORGANIZATIONNAME = Ignite2016;
				TargetAttributes = {
					FCD2FBC41DD97DFE008B88EC = {
						CreatedOnToolsVersion = 8.0;
						DevelopmentTeam = 3GKN44XQ72;
						ProvisioningStyle = Automatic;
						SystemCapabilities = {
							com.apple.Keychain = {
								enabled = 1;
							};
						};
					};
				};
			};
			buildConfigurationList = FCD2FBC01DD97DFD008B88EC /* Build configuration list for PBXProject "Freebie" */;
			compatibilityVersion = "Xcode 3.2";
			developmentRegion = English;
			hasScannedForEncodings = 0;
			knownRegions = (
				en,
				Base,
			);
			mainGroup = FCD2FBBC1DD97DFD008B88EC;
			productRefGroup = FCD2FBC61DD97DFE008B88EC /* Products */;
			projectDirPath = "";
			projectRoot = "";
			targets = (
				FCD2FBC41DD97DFE008B88EC /* Freebie */,
			);
		};
/* End PBXProject section */

/* Begin PBXResourcesBuildPhase section */
		FCD2FBC31DD97DFE008B88EC /* Resources */ = {
			isa = PBXResourcesBuildPhase;
			buildActionMask = 2147483647;
			files = (
				FCD2FBD31DD97DFE008B88EC /* LaunchScreen.storyboard in Resources */,
				FCD2FBD01DD97DFE008B88EC /* Assets.xcassets in Resources */,
				FCD2FBDE1DD98107008B88EC /* List.storyboard in Resources */,
				FCD2FBE01DD98113008B88EC /* Settings.storyboard in Resources */,
				FCD2FBCE1DD97DFE008B88EC /* Login.storyboard in Resources */,
				FCD2FBDC1DD980F3008B88EC /* Map.storyboard in Resources */,
				FCD2FBE21DD98571008B88EC /* GoogleService-Info.plist in Resources */,
			);
			runOnlyForDeploymentPostprocessing = 0;
		};
/* End PBXResourcesBuildPhase section */

/* Begin PBXShellScriptBuildPhase section */
		349228C91908F7811C1EAFF5 /* [CP] Embed Pods Frameworks */ = {
			isa = PBXShellScriptBuildPhase;
			buildActionMask = 2147483647;
			files = (
			);
			inputPaths = (
			);
			name = "[CP] Embed Pods Frameworks";
			outputPaths = (
			);
			runOnlyForDeploymentPostprocessing = 0;
			shellPath = /bin/sh;
			shellScript = "\"${SRCROOT}/Pods/Target Support Files/Pods-Freebie/Pods-Freebie-frameworks.sh\"\n";
			showEnvVarsInLog = 0;
		};
		868CE5A8A1E7DA666CC5F86E /* [CP] Check Pods Manifest.lock */ = {
			isa = PBXShellScriptBuildPhase;
			buildActionMask = 2147483647;
			files = (
			);
			inputPaths = (
			);
			name = "[CP] Check Pods Manifest.lock";
			outputPaths = (
			);
			runOnlyForDeploymentPostprocessing = 0;
			shellPath = /bin/sh;
			shellScript = "diff \"${PODS_ROOT}/../Podfile.lock\" \"${PODS_ROOT}/Manifest.lock\" > /dev/null\nif [ $? != 0 ] ; then\n    # print error to STDERR\n    echo \"error: The sandbox is not in sync with the Podfile.lock. Run 'pod install' or update your CocoaPods installation.\" >&2\n    exit 1\nfi\n";
			showEnvVarsInLog = 0;
		};
		B45191EB6E05C4856D629FD5 /* [CP] Copy Pods Resources */ = {
			isa = PBXShellScriptBuildPhase;
			buildActionMask = 2147483647;
			files = (
			);
			inputPaths = (
			);
			name = "[CP] Copy Pods Resources";
			outputPaths = (
			);
			runOnlyForDeploymentPostprocessing = 0;
			shellPath = /bin/sh;
			shellScript = "\"${SRCROOT}/Pods/Target Support Files/Pods-Freebie/Pods-Freebie-resources.sh\"\n";
			showEnvVarsInLog = 0;
		};
/* End PBXShellScriptBuildPhase section */

/* Begin PBXSourcesBuildPhase section */
		FCD2FBC11DD97DFE008B88EC /* Sources */ = {
			isa = PBXSourcesBuildPhase;
			buildActionMask = 2147483647;
			files = (
				C9485B831DD99CCA00D43D81 /* LoginViewController.swift in Sources */,
				FCD2FBC91DD97DFE008B88EC /* AppDelegate.swift in Sources */,
			);
			runOnlyForDeploymentPostprocessing = 0;
		};
/* End PBXSourcesBuildPhase section */

/* Begin PBXVariantGroup section */
		FCD2FBCC1DD97DFE008B88EC /* Login.storyboard */ = {
			isa = PBXVariantGroup;
			children = (
				FCD2FBCD1DD97DFE008B88EC /* Base */,
			);
			name = Login.storyboard;
			sourceTree = "<group>";
		};
		FCD2FBD11DD97DFE008B88EC /* LaunchScreen.storyboard */ = {
			isa = PBXVariantGroup;
			children = (
				FCD2FBD21DD97DFE008B88EC /* Base */,
			);
			name = LaunchScreen.storyboard;
			sourceTree = "<group>";
		};
/* End PBXVariantGroup section */

/* Begin XCBuildConfiguration section */
		FCD2FBD51DD97DFE008B88EC /* Debug */ = {
			isa = XCBuildConfiguration;
			buildSettings = {
				ALWAYS_SEARCH_USER_PATHS = NO;
				CLANG_ANALYZER_NONNULL = YES;
				CLANG_CXX_LANGUAGE_STANDARD = "gnu++0x";
				CLANG_CXX_LIBRARY = "libc++";
				CLANG_ENABLE_MODULES = YES;
				CLANG_ENABLE_OBJC_ARC = YES;
				CLANG_WARN_BOOL_CONVERSION = YES;
				CLANG_WARN_CONSTANT_CONVERSION = YES;
				CLANG_WARN_DIRECT_OBJC_ISA_USAGE = YES_ERROR;
				CLANG_WARN_DOCUMENTATION_COMMENTS = YES;
				CLANG_WARN_EMPTY_BODY = YES;
				CLANG_WARN_ENUM_CONVERSION = YES;
				CLANG_WARN_INFINITE_RECURSION = YES;
				CLANG_WARN_INT_CONVERSION = YES;
				CLANG_WARN_OBJC_ROOT_CLASS = YES_ERROR;
				CLANG_WARN_SUSPICIOUS_MOVES = YES;
				CLANG_WARN_UNREACHABLE_CODE = YES;
				CLANG_WARN__DUPLICATE_METHOD_MATCH = YES;
				"CODE_SIGN_IDENTITY[sdk=iphoneos*]" = "iPhone Developer";
				COPY_PHASE_STRIP = NO;
				DEBUG_INFORMATION_FORMAT = dwarf;
				ENABLE_STRICT_OBJC_MSGSEND = YES;
				ENABLE_TESTABILITY = YES;
				GCC_C_LANGUAGE_STANDARD = gnu99;
				GCC_DYNAMIC_NO_PIC = NO;
				GCC_NO_COMMON_BLOCKS = YES;
				GCC_OPTIMIZATION_LEVEL = 0;
				GCC_PREPROCESSOR_DEFINITIONS = (
					"DEBUG=1",
					"$(inherited)",
				);
				GCC_WARN_64_TO_32_BIT_CONVERSION = YES;
				GCC_WARN_ABOUT_RETURN_TYPE = YES_ERROR;
				GCC_WARN_UNDECLARED_SELECTOR = YES;
				GCC_WARN_UNINITIALIZED_AUTOS = YES_AGGRESSIVE;
				GCC_WARN_UNUSED_FUNCTION = YES;
				GCC_WARN_UNUSED_VARIABLE = YES;
				IPHONEOS_DEPLOYMENT_TARGET = 10.0;
				MTL_ENABLE_DEBUG_INFO = YES;
				ONLY_ACTIVE_ARCH = YES;
				SDKROOT = iphoneos;
				SWIFT_ACTIVE_COMPILATION_CONDITIONS = DEBUG;
				SWIFT_OPTIMIZATION_LEVEL = "-Onone";
				TARGETED_DEVICE_FAMILY = "1,2";
			};
			name = Debug;
		};
		FCD2FBD61DD97DFE008B88EC /* Release */ = {
			isa = XCBuildConfiguration;
			buildSettings = {
				ALWAYS_SEARCH_USER_PATHS = NO;
				CLANG_ANALYZER_NONNULL = YES;
				CLANG_CXX_LANGUAGE_STANDARD = "gnu++0x";
				CLANG_CXX_LIBRARY = "libc++";
				CLANG_ENABLE_MODULES = YES;
				CLANG_ENABLE_OBJC_ARC = YES;
				CLANG_WARN_BOOL_CONVERSION = YES;
				CLANG_WARN_CONSTANT_CONVERSION = YES;
				CLANG_WARN_DIRECT_OBJC_ISA_USAGE = YES_ERROR;
				CLANG_WARN_DOCUMENTATION_COMMENTS = YES;
				CLANG_WARN_EMPTY_BODY = YES;
				CLANG_WARN_ENUM_CONVERSION = YES;
				CLANG_WARN_INFINITE_RECURSION = YES;
				CLANG_WARN_INT_CONVERSION = YES;
				CLANG_WARN_OBJC_ROOT_CLASS = YES_ERROR;
				CLANG_WARN_SUSPICIOUS_MOVES = YES;
				CLANG_WARN_UNREACHABLE_CODE = YES;
				CLANG_WARN__DUPLICATE_METHOD_MATCH = YES;
				"CODE_SIGN_IDENTITY[sdk=iphoneos*]" = "iPhone Developer";
				COPY_PHASE_STRIP = NO;
				DEBUG_INFORMATION_FORMAT = "dwarf-with-dsym";
				ENABLE_NS_ASSERTIONS = NO;
				ENABLE_STRICT_OBJC_MSGSEND = YES;
				GCC_C_LANGUAGE_STANDARD = gnu99;
				GCC_NO_COMMON_BLOCKS = YES;
				GCC_WARN_64_TO_32_BIT_CONVERSION = YES;
				GCC_WARN_ABOUT_RETURN_TYPE = YES_ERROR;
				GCC_WARN_UNDECLARED_SELECTOR = YES;
				GCC_WARN_UNINITIALIZED_AUTOS = YES_AGGRESSIVE;
				GCC_WARN_UNUSED_FUNCTION = YES;
				GCC_WARN_UNUSED_VARIABLE = YES;
				IPHONEOS_DEPLOYMENT_TARGET = 10.0;
				MTL_ENABLE_DEBUG_INFO = NO;
				SDKROOT = iphoneos;
				SWIFT_OPTIMIZATION_LEVEL = "-Owholemodule";
				TARGETED_DEVICE_FAMILY = "1,2";
				VALIDATE_PRODUCT = YES;
			};
			name = Release;
		};
		FCD2FBD81DD97DFE008B88EC /* Debug */ = {
			isa = XCBuildConfiguration;
			baseConfigurationReference = C5AC2FFB95CB9ABAEDED6BB9 /* Pods-Freebie.debug.xcconfig */;
			buildSettings = {
				ASSETCATALOG_COMPILER_APPICON_NAME = AppIcon;
				CODE_SIGN_ENTITLEMENTS = Freebie/Freebie.entitlements;
				DEVELOPMENT_TEAM = 3GKN44XQ72;
				INFOPLIST_FILE = Freebie/Info.plist;
				LD_RUNPATH_SEARCH_PATHS = "$(inherited) @executable_path/Frameworks";
				PRODUCT_BUNDLE_IDENTIFIER = Ignite2016.Freebie;
				PRODUCT_NAME = "$(TARGET_NAME)";
				SWIFT_VERSION = 3.0;
			};
			name = Debug;
		};
		FCD2FBD91DD97DFE008B88EC /* Release */ = {
			isa = XCBuildConfiguration;
			baseConfigurationReference = E0EE4F5F383767E450968303 /* Pods-Freebie.release.xcconfig */;
			buildSettings = {
				ASSETCATALOG_COMPILER_APPICON_NAME = AppIcon;
				CODE_SIGN_ENTITLEMENTS = Freebie/Freebie.entitlements;
				DEVELOPMENT_TEAM = 3GKN44XQ72;
				INFOPLIST_FILE = Freebie/Info.plist;
				LD_RUNPATH_SEARCH_PATHS = "$(inherited) @executable_path/Frameworks";
				PRODUCT_BUNDLE_IDENTIFIER = Ignite2016.Freebie;
				PRODUCT_NAME = "$(TARGET_NAME)";
				SWIFT_VERSION = 3.0;
			};
			name = Release;
		};
/* End XCBuildConfiguration section */

/* Begin XCConfigurationList section */
		FCD2FBC01DD97DFD008B88EC /* Build configuration list for PBXProject "Freebie" */ = {
			isa = XCConfigurationList;
			buildConfigurations = (
				FCD2FBD51DD97DFE008B88EC /* Debug */,
				FCD2FBD61DD97DFE008B88EC /* Release */,
			);
			defaultConfigurationIsVisible = 0;
			defaultConfigurationName = Release;
		};
		FCD2FBD71DD97DFE008B88EC /* Build configuration list for PBXNativeTarget "Freebie" */ = {
			isa = XCConfigurationList;
			buildConfigurations = (
				FCD2FBD81DD97DFE008B88EC /* Debug */,
				FCD2FBD91DD97DFE008B88EC /* Release */,
			);
			defaultConfigurationIsVisible = 0;
			defaultConfigurationName = Release;
		};
/* End XCConfigurationList section */
	};
	rootObject = FCD2FBBD1DD97DFD008B88EC /* Project object */;
}
